
Microsoft Visual Studio Solution File, Format Version 12.00
# Visual Studio Version 16
VisualStudioVersion = 16.0.30225.117
MinimumVisualStudioVersion = 10.0.40219.1
Project("{9A19103F-16F7-4668-BE54-9A1E7A4F7556}") = "CVTheque.Server", "CVTheque\Server\CVTheque.Server.csproj", "{BC416643-832B-40FE-8B95-336A773477B5}"
EndProject
Project("{9A19103F-16F7-4668-BE54-9A1E7A4F7556}") = "CVTheque.Client", "CVTheque\Client\CVTheque.Client.csproj", "{1D7A6453-3450-4FFF-AF46-86B43CBF0F8D}"
EndProject
Project("{9A19103F-16F7-4668-BE54-9A1E7A4F7556}") = "CVTheque.Shared", "CVTheque\Shared\CVTheque.Shared.csproj", "{BBA0CE03-FCA1-4892-9DDC-30E3009AEE7D}"
EndProject
Project("{9A19103F-16F7-4668-BE54-9A1E7A4F7556}") = "CVTheque.core", "CVTheque.core\CVTheque.core.csproj", "{83F80B33-5890-47AA-984A-DADF028A1302}"
EndProject
Project("{9A19103F-16F7-4668-BE54-9A1E7A4F7556}") = "CVTheque.data", "CVTheque.data\CVTheque.data.csproj", "{76F2B50C-373C-4068-856F-AC280DE10CA3}"
EndProject
Global
	GlobalSection(SolutionConfigurationPlatforms) = preSolution
		Debug|Any CPU = Debug|Any CPU
		Release|Any CPU = Release|Any CPU
	EndGlobalSection
	GlobalSection(ProjectConfigurationPlatforms) = postSolution
		{BC416643-832B-40FE-8B95-336A773477B5}.Debug|Any CPU.ActiveCfg = Debug|Any CPU
		{BC416643-832B-40FE-8B95-336A773477B5}.Debug|Any CPU.Build.0 = Debug|Any CPU
		{BC416643-832B-40FE-8B95-336A773477B5}.Release|Any CPU.ActiveCfg = Release|Any CPU
		{BC416643-832B-40FE-8B95-336A773477B5}.Release|Any CPU.Build.0 = Release|Any CPU
		{1D7A6453-3450-4FFF-AF46-86B43CBF0F8D}.Debug|Any CPU.ActiveCfg = Debug|Any CPU
		{1D7A6453-3450-4FFF-AF46-86B43CBF0F8D}.Debug|Any CPU.Build.0 = Debug|Any CPU
		{1D7A6453-3450-4FFF-AF46-86B43CBF0F8D}.Release|Any CPU.ActiveCfg = Release|Any CPU
		{1D7A6453-3450-4FFF-AF46-86B43CBF0F8D}.Release|Any CPU.Build.0 = Release|Any CPU
		{BBA0CE03-FCA1-4892-9DDC-30E3009AEE7D}.Debug|Any CPU.ActiveCfg = Debug|Any CPU
		{BBA0CE03-FCA1-4892-9DDC-30E3009AEE7D}.Debug|Any CPU.Build.0 = Debug|Any CPU
		{BBA0CE03-FCA1-4892-9DDC-30E3009AEE7D}.Release|Any CPU.ActiveCfg = Release|Any CPU
		{BBA0CE03-FCA1-4892-9DDC-30E3009AEE7D}.Release|Any CPU.Build.0 = Release|Any CPU
		{83F80B33-5890-47AA-984A-DADF028A1302}.Debug|Any CPU.ActiveCfg = Debug|Any CPU
		{83F80B33-5890-47AA-984A-DADF028A1302}.Debug|Any CPU.Build.0 = Debug|Any CPU
		{83F80B33-5890-47AA-984A-DADF028A1302}.Release|Any CPU.ActiveCfg = Release|Any CPU
		{83F80B33-5890-47AA-984A-DADF028A1302}.Release|Any CPU.Build.0 = Release|Any CPU
		{76F2B50C-373C-4068-856F-AC280DE10CA3}.Debug|Any CPU.ActiveCfg = Debug|Any CPU
		{76F2B50C-373C-4068-856F-AC280DE10CA3}.Debug|Any CPU.Build.0 = Debug|Any CPU
		{76F2B50C-373C-4068-856F-AC280DE10CA3}.Release|Any CPU.ActiveCfg = Release|Any CPU
		{76F2B50C-373C-4068-856F-AC280DE10CA3}.Release|Any CPU.Build.0 = Release|Any CPU
	EndGlobalSection
	GlobalSection(SolutionProperties) = preSolution
		HideSolutionNode = FALSE
	EndGlobalSection
	GlobalSection(ExtensibilityGlobals) = postSolution
		SolutionGuid = {CBBC2591-950A-432D-A002-65CEDA5A44A1}
	EndGlobalSection
EndGlobal
