
Microsoft Visual Studio Solution File, Format Version 12.00
# Visual Studio Version 16
VisualStudioVersion = 16.0.30225.117
MinimumVisualStudioVersion = 10.0.40219.1
Project("{9A19103F-16F7-4668-BE54-9A1E7A4F7556}") = "CVTheque.core", "CVTheque.core\CVTheque.core.csproj", "{91059EF6-CFE2-443B-BA3F-01FB0912233E}"
EndProject
Project("{9A19103F-16F7-4668-BE54-9A1E7A4F7556}") = "CVTheque.data", "CVTheque.data\CVTheque.data.csproj", "{54A374E3-E3BF-49D1-B007-9B401FAE1A25}"
EndProject
Project("{9A19103F-16F7-4668-BE54-9A1E7A4F7556}") = "CVTheque.api", "CVThequeApiCore\CVTheque.api.csproj", "{27E4DE96-D14A-4F3B-85CB-1C35FEECC52C}"
EndProject
Global
	GlobalSection(SolutionConfigurationPlatforms) = preSolution
		Debug|Any CPU = Debug|Any CPU
		Release|Any CPU = Release|Any CPU
	EndGlobalSection
	GlobalSection(ProjectConfigurationPlatforms) = postSolution
		{91059EF6-CFE2-443B-BA3F-01FB0912233E}.Debug|Any CPU.ActiveCfg = Debug|Any CPU
		{91059EF6-CFE2-443B-BA3F-01FB0912233E}.Debug|Any CPU.Build.0 = Debug|Any CPU
		{91059EF6-CFE2-443B-BA3F-01FB0912233E}.Release|Any CPU.ActiveCfg = Release|Any CPU
		{91059EF6-CFE2-443B-BA3F-01FB0912233E}.Release|Any CPU.Build.0 = Release|Any CPU
		{54A374E3-E3BF-49D1-B007-9B401FAE1A25}.Debug|Any CPU.ActiveCfg = Debug|Any CPU
		{54A374E3-E3BF-49D1-B007-9B401FAE1A25}.Debug|Any CPU.Build.0 = Debug|Any CPU
		{54A374E3-E3BF-49D1-B007-9B401FAE1A25}.Release|Any CPU.ActiveCfg = Release|Any CPU
		{54A374E3-E3BF-49D1-B007-9B401FAE1A25}.Release|Any CPU.Build.0 = Release|Any CPU
		{27E4DE96-D14A-4F3B-85CB-1C35FEECC52C}.Debug|Any CPU.ActiveCfg = Debug|Any CPU
		{27E4DE96-D14A-4F3B-85CB-1C35FEECC52C}.Debug|Any CPU.Build.0 = Debug|Any CPU
		{27E4DE96-D14A-4F3B-85CB-1C35FEECC52C}.Release|Any CPU.ActiveCfg = Release|Any CPU
		{27E4DE96-D14A-4F3B-85CB-1C35FEECC52C}.Release|Any CPU.Build.0 = Release|Any CPU
	EndGlobalSection
	GlobalSection(SolutionProperties) = preSolution
		HideSolutionNode = FALSE
	EndGlobalSection
	GlobalSection(ExtensibilityGlobals) = postSolution
		SolutionGuid = {8682A8FA-1AAC-44DF-A397-30745C5518A3}
	EndGlobalSection
EndGlobal
